
Microsoft Visual Studio Solution File, Format Version 12.00
# Visual Studio 15
VisualStudioVersion = 15.0.27130.2036
MinimumVisualStudioVersion = 10.0.40219.1
Project("{FAE04EC0-301F-11D3-BF4B-00C04F79EFBC}") = "Himalayan_Angular", "Himalayan_Angular\Himalayan_Angular.csproj", "{2008C879-C5C8-4077-9CD1-6BC84343CD15}"
EndProject
Project("{2150E333-8FDC-42A3-9474-1A3956D46DE8}") = "framework", "framework", "{0E65A3F2-2833-4D9C-90F3-B743D6BC67DC}"
EndProject
Project("{FAE04EC0-301F-11D3-BF4B-00C04F79EFBC}") = "Himalayan_Angular.Data", "Himalayan_Angular.Data\Himalayan_Angular.Data.csproj", "{64686C01-8896-4B0D-8228-1DF6D05EE163}"
EndProject
Project("{FAE04EC0-301F-11D3-BF4B-00C04F79EFBC}") = "Repository.EF6", "Repository.EF6\Repository.EF6.csproj", "{DBDE082D-B6DC-44DE-A5C8-ECF995679F5F}"
EndProject
Project("{FAE04EC0-301F-11D3-BF4B-00C04F79EFBC}") = "Service.Pattern", "Service.Pattern\Service.Pattern.csproj", "{4F385CA9-25AC-48A4-B892-89B9F8278D3E}"
EndProject
Project("{FAE04EC0-301F-11D3-BF4B-00C04F79EFBC}") = "Repository.Pattern", "Repository.Pattern\Repository.Pattern.csproj", "{B3E1993E-5869-4A6F-9FC8-3C614940E81C}"
EndProject
Project("{FAE04EC0-301F-11D3-BF4B-00C04F79EFBC}") = "Himalayan_Angular.Business", "Himalayan_Angular.Business\Himalayan_Angular.Business.csproj", "{1AA1FDEF-C94C-4B93-A0F4-BE3F2127F7CB}"
EndProject
Global
	GlobalSection(SolutionConfigurationPlatforms) = preSolution
		Debug|Any CPU = Debug|Any CPU
		Release|Any CPU = Release|Any CPU
	EndGlobalSection
	GlobalSection(ProjectConfigurationPlatforms) = postSolution
		{2008C879-C5C8-4077-9CD1-6BC84343CD15}.Debug|Any CPU.ActiveCfg = Debug|Any CPU
		{2008C879-C5C8-4077-9CD1-6BC84343CD15}.Debug|Any CPU.Build.0 = Debug|Any CPU
		{2008C879-C5C8-4077-9CD1-6BC84343CD15}.Release|Any CPU.ActiveCfg = Release|Any CPU
		{2008C879-C5C8-4077-9CD1-6BC84343CD15}.Release|Any CPU.Build.0 = Release|Any CPU
		{64686C01-8896-4B0D-8228-1DF6D05EE163}.Debug|Any CPU.ActiveCfg = Debug|Any CPU
		{64686C01-8896-4B0D-8228-1DF6D05EE163}.Debug|Any CPU.Build.0 = Debug|Any CPU
		{64686C01-8896-4B0D-8228-1DF6D05EE163}.Release|Any CPU.ActiveCfg = Release|Any CPU
		{64686C01-8896-4B0D-8228-1DF6D05EE163}.Release|Any CPU.Build.0 = Release|Any CPU
		{DBDE082D-B6DC-44DE-A5C8-ECF995679F5F}.Debug|Any CPU.ActiveCfg = Debug|Any CPU
		{DBDE082D-B6DC-44DE-A5C8-ECF995679F5F}.Debug|Any CPU.Build.0 = Debug|Any CPU
		{DBDE082D-B6DC-44DE-A5C8-ECF995679F5F}.Release|Any CPU.ActiveCfg = Release|Any CPU
		{DBDE082D-B6DC-44DE-A5C8-ECF995679F5F}.Release|Any CPU.Build.0 = Release|Any CPU
		{4F385CA9-25AC-48A4-B892-89B9F8278D3E}.Debug|Any CPU.ActiveCfg = Debug|Any CPU
		{4F385CA9-25AC-48A4-B892-89B9F8278D3E}.Debug|Any CPU.Build.0 = Debug|Any CPU
		{4F385CA9-25AC-48A4-B892-89B9F8278D3E}.Release|Any CPU.ActiveCfg = Release|Any CPU
		{4F385CA9-25AC-48A4-B892-89B9F8278D3E}.Release|Any CPU.Build.0 = Release|Any CPU
		{B3E1993E-5869-4A6F-9FC8-3C614940E81C}.Debug|Any CPU.ActiveCfg = Debug|Any CPU
		{B3E1993E-5869-4A6F-9FC8-3C614940E81C}.Debug|Any CPU.Build.0 = Debug|Any CPU
		{B3E1993E-5869-4A6F-9FC8-3C614940E81C}.Release|Any CPU.ActiveCfg = Release|Any CPU
		{B3E1993E-5869-4A6F-9FC8-3C614940E81C}.Release|Any CPU.Build.0 = Release|Any CPU
		{1AA1FDEF-C94C-4B93-A0F4-BE3F2127F7CB}.Debug|Any CPU.ActiveCfg = Debug|Any CPU
		{1AA1FDEF-C94C-4B93-A0F4-BE3F2127F7CB}.Debug|Any CPU.Build.0 = Debug|Any CPU
		{1AA1FDEF-C94C-4B93-A0F4-BE3F2127F7CB}.Release|Any CPU.ActiveCfg = Release|Any CPU
		{1AA1FDEF-C94C-4B93-A0F4-BE3F2127F7CB}.Release|Any CPU.Build.0 = Release|Any CPU
	EndGlobalSection
	GlobalSection(SolutionProperties) = preSolution
		HideSolutionNode = FALSE
	EndGlobalSection
	GlobalSection(NestedProjects) = preSolution
		{DBDE082D-B6DC-44DE-A5C8-ECF995679F5F} = {0E65A3F2-2833-4D9C-90F3-B743D6BC67DC}
		{4F385CA9-25AC-48A4-B892-89B9F8278D3E} = {0E65A3F2-2833-4D9C-90F3-B743D6BC67DC}
		{B3E1993E-5869-4A6F-9FC8-3C614940E81C} = {0E65A3F2-2833-4D9C-90F3-B743D6BC67DC}
	EndGlobalSection
	GlobalSection(ExtensibilityGlobals) = postSolution
		SolutionGuid = {0D10EB53-977B-4086-B7A4-E68ABE0418A3}
	EndGlobalSection
EndGlobal
